{
  "version": 1,
  "dependencies": {
    "net10.0": {
      "Microsoft.Extensions.Caching.Hybrid": {
        "type": "Direct",
        "requested": "[10.9.0, )",
        "resolved": "10.9.0",
        "contentHash": "D0tHRbUCliInxTfPgN9K6RxrCVaWu9kyIT66vbIJ/YwA6BV2xa8vTqoE3JQXA2Rf2vRdgd29+HR6Ay6KmzDslw==",
        "dependencies": {
          "Microsoft.Extensions.Caching.Abstractions": "10.0.11",
          "Microsoft.Extensions.Caching.Memory": "10.0.11",
          "Microsoft.Extensions.Logging.Abstractions": "10.0.11",
          "Microsoft.Extensions.Options": "10.0.11"
        }
      },
      "Microsoft.Kiota.Bundle": {
        "type": "Direct",
        "requested": "[2.1.2, )",
        "resolved": "2.1.2",
        "contentHash": "DfI5wrwP9/kYcKOExFkL9py/Odj2z9fYeZ4nbwRUahLQX02i6pymNuX+5+vzwDyxVowk1dEmazfGelQK2qUZ4w==",
        "dependencies": {
          "Microsoft.Kiota.Abstractions": "2.1.2",
          "Microsoft.Kiota.Http.HttpClientLibrary": "2.1.2",
          "Microsoft.Kiota.Serialization.Form": "2.1.2",
          "Microsoft.Kiota.Serialization.Json": "2.1.2",
          "Microsoft.Kiota.Serialization.Multipart": "2.1.2",
          "Microsoft.Kiota.Serialization.Text": "2.1.2"
        }
      },
      "Microsoft.Extensions.Caching.Abstractions": {
        "type": "Transitive",
        "resolved": "10.0.11",
        "contentHash": "vUl798SmruTqqlt/xH2gDk3tJlhk6k3HdOXAHirlRfbNKDym4g/kRpUL9S4sl6F6FsOTOMW+ZsDapqlZMOOiEw==",
        "dependencies": {
          "Microsoft.Extensions.Primitives": "10.0.11"
        }
      },
      "Microsoft.Extensions.Caching.Memory": {
        "type": "Transitive",
        "resolved": "10.0.11",
        "contentHash": "el1g0mBEbDBGY2bT9mcSfrTWO8QlPdq2nOCnvQugioOFwHV+bVBMeiakoI0dNOdj8d6Hi9K6HY2xzRUWJiDR3w==",
        "dependencies": {
          "Microsoft.Extensions.Caching.Abstractions": "10.0.11",
          "Microsoft.Extensions.DependencyInjection.Abstractions": "10.0.11",
          "Microsoft.Extensions.Logging.Abstractions": "10.0.11",
          "Microsoft.Extensions.Options": "10.0.11",
          "Microsoft.Extensions.Primitives": "10.0.11"
        }
      },
      "Microsoft.Extensions.DependencyInjection.Abstractions": {
        "type": "Transitive",
        "resolved": "10.0.11",
        "contentHash": "/a1aJz4m7ylhEDf25ugQChLQoN5XwoGjWw/BoR/ZWWKsO1v4DdJElS1uyngahz4B/eOzjFk1KNTkarRLE5wsIg=="
      },
      "Microsoft.Extensions.Logging.Abstractions": {
        "type": "Transitive",
        "resolved": "10.0.11",
        "contentHash": "Ljd0Uxoq5XpScD2Bg0nM/r3mwx7Ao5Uq24eo2ARxbGvqJ7Zht6rt2cJtwVRH4Cv+1ZVMdXz6TB43KbpmsxRrvQ==",
        "dependencies": {
          "Microsoft.Extensions.DependencyInjection.Abstractions": "10.0.11"
        }
      },
      "Microsoft.Extensions.Options": {
        "type": "Transitive",
        "resolved": "10.0.11",
        "contentHash": "eY1GAKcTfD2maP27J84X9IovT3yjHJ2dVDzPmDg6/XqYvt3jMzJhtfQCLjG9pVsZGAd+8DQ2QrjaDcs2+VQLGw==",
        "dependencies": {
          "Microsoft.Extensions.DependencyInjection.Abstractions": "10.0.11",
          "Microsoft.Extensions.Primitives": "10.0.11"
        }
      },
      "Microsoft.Extensions.Primitives": {
        "type": "Transitive",
        "resolved": "10.0.11",
        "contentHash": "SXcz+kF+4Oo9b1+55zntpJFYfwb1jw66ioxptyNOOTDc8g2FHnBFWjZpsWfCvZIhzr0x+4e2trVTs4OKwQfBtw=="
      },
      "Microsoft.IO.RecyclableMemoryStream": {
        "type": "Transitive",
        "resolved": "3.0.1",
        "contentHash": "s/s20YTVY9r9TPfTrN5g8zPF1YhwxyqO6PxUkrYTGI2B+OGPe9AdajWZrLhFqXIvqIW23fnUE4+ztrUWNU1+9g=="
      },
      "Microsoft.Kiota.Abstractions": {
        "type": "Transitive",
        "resolved": "2.1.2",
        "contentHash": "2cPjDGVHxn0YCoPSxzCZSLUc7SQ4m299UqJibvGpZctvP3ixidpMk909BGgqOBpKpxEq+lJ6sTxp4xviLotuDA==",
        "dependencies": {
          "Std.UriTemplate": "2.0.12"
        }
      },
      "Microsoft.Kiota.Http.HttpClientLibrary": {
        "type": "Transitive",
        "resolved": "2.1.2",
        "contentHash": "tBAnbhr/BdBp2MrqZWllR8v6PYqmXQJQ+U+X5aOoSzKfoM41qmh41SFjkQKkJrTssJq5VUQE+it6AkTwG64gAw==",
        "dependencies": {
          "Microsoft.Extensions.DependencyInjection.Abstractions": "8.0.0",
          "Microsoft.Kiota.Abstractions": "2.1.2"
        }
      },
      "Microsoft.Kiota.Serialization.Form": {
        "type": "Transitive",
        "resolved": "2.1.2",
        "contentHash": "+Y2dCwF+N2YYRDh6P5pqzWByh8QFNpZuLAPL3HOykNyJ5WR9tJC0h1iTRc7HEk8/TfZBLN09qiM26qqHYI5rGg==",
        "dependencies": {
          "Microsoft.IO.RecyclableMemoryStream": "3.0.1",
          "Microsoft.Kiota.Abstractions": "2.1.2"
        }
      },
      "Microsoft.Kiota.Serialization.Json": {
        "type": "Transitive",
        "resolved": "2.1.2",
        "contentHash": "DwpTrq2CYVDOsB2gF645SGWKese4YXR7eHJiwvnSE3Yi6NJ7XRXyQu7vz4fHNM87cmWcA6y5/ipAddDJgng+qQ==",
        "dependencies": {
          "Microsoft.IO.RecyclableMemoryStream": "3.0.1",
          "Microsoft.Kiota.Abstractions": "2.1.2"
        }
      },
      "Microsoft.Kiota.Serialization.Multipart": {
        "type": "Transitive",
        "resolved": "2.1.2",
        "contentHash": "+qw11dXpaxhkisLxoK1JweS55eKBLalDMXlmd8ohVBv/vicqXLuODPHp2s+LoPNFvOSYOq6U0mdWDpGZA5s8zw==",
        "dependencies": {
          "Microsoft.IO.RecyclableMemoryStream": "3.0.1",
          "Microsoft.Kiota.Abstractions": "2.1.2"
        }
      },
      "Microsoft.Kiota.Serialization.Text": {
        "type": "Transitive",
        "resolved": "2.1.2",
        "contentHash": "Vq9mfvorhGnX5v5W7OxqKkWDNP/KuHO4JF33IbpRX8znBLw76dHRaavJjpLQDaCvs2gXO7pMa/DT5xZ/zW7HSQ==",
        "dependencies": {
          "Microsoft.IO.RecyclableMemoryStream": "3.0.1",
          "Microsoft.Kiota.Abstractions": "2.1.2"
        }
      },
      "Std.UriTemplate": {
        "type": "Transitive",
        "resolved": "2.0.12",
        "contentHash": "b/w8GfmVjf5c+8sTtGRVuwj6uC5KoPIn8+795xKlnGBBtph4FIVvgJVnh+x9dbDOkrst7XivIDJgyZSDFNsOYA=="
      }
    },
    "net10.0/win-x64": {}
  }
}