{
  "version": 1,
  "dependencies": {
    "net10.0": {
      "DistributedLock.Core": {
        "type": "Direct",
        "requested": "[1.0.9, )",
        "resolved": "1.0.9",
        "contentHash": "y72z/Ta4xX3qKc+bsAJDsAZ+LuXz4xbCiAYgJwvOP2Xup63tdonTXmlKXU45Ds3GfEuMEHGrnVinhxyBZjRc2Q=="
      },
      "Microsoft.Extensions.Logging": {
        "type": "Direct",
        "requested": "[10.0.10, )",
        "resolved": "10.0.10",
        "contentHash": "Tf6z5HsL0VDYRTfvsoNrTGHGheCwkTsZBA2FFh5ATJUbkAwug+FFNISJK2gjpUNemlAOoWllAK52HOWCjto3EQ==",
        "dependencies": {
          "Microsoft.Extensions.DependencyInjection": "10.0.10",
          "Microsoft.Extensions.Logging.Abstractions": "10.0.10",
          "Microsoft.Extensions.Options": "10.0.10"
        }
      },
      "Microsoft.Extensions.Options": {
        "type": "Direct",
        "requested": "[10.0.10, )",
        "resolved": "10.0.10",
        "contentHash": "srnhnk7nE8krBiIXp71LvBmKBtraBONWSRzdjJgRv1Ko9Mp8IVNqv4vIS9hGeVteBig8aQkva9ZG+sC+o5sVcA==",
        "dependencies": {
          "Microsoft.Extensions.DependencyInjection.Abstractions": "10.0.10",
          "Microsoft.Extensions.Primitives": "10.0.10"
        }
      },
      "Microsoft.FeatureManagement": {
        "type": "Direct",
        "requested": "[4.5.0, )",
        "resolved": "4.5.0",
        "contentHash": "9VBxTZUwna9x31+OmOyX0DTBGEuvVrV81fAZ/XRkLESuDu5EZn/o6W8454NWOPHBIUyTGTMpYOFzI8ArkCNmCg==",
        "dependencies": {
          "Microsoft.Bcl.TimeProvider": "8.0.1",
          "Microsoft.Extensions.Caching.Memory": "8.0.1",
          "Microsoft.Extensions.Configuration": "8.0.0",
          "Microsoft.Extensions.Configuration.Binder": "8.0.2",
          "Microsoft.Extensions.Logging": "8.0.1"
        }
      },
      "Microsoft.Bcl.TimeProvider": {
        "type": "Transitive",
        "resolved": "8.0.1",
        "contentHash": "C7kWHJnMRY7EvJev2S8+yJHZ1y7A4ZlLbA4NE+O23BDIAN5mHeqND1m+SKv1ChRS5YlCDW7yAMUe7lttRsJaAA=="
      },
      "Microsoft.Extensions.ApiDescription.Server": {
        "type": "Transitive",
        "resolved": "6.0.5",
        "contentHash": "Ckb5EDBUNJdFWyajfXzUIMRkhf52fHZOQuuZg/oiu8y7zDCVwD0iHhew6MnThjHmevanpxL3f5ci2TtHQEN6bw=="
      },
      "Microsoft.Extensions.Caching.Abstractions": {
        "type": "Transitive",
        "resolved": "8.0.0",
        "contentHash": "3KuSxeHoNYdxVYfg2IRZCThcrlJ1XJqIXkAWikCsbm5C/bCjv7G0WoKDyuR98Q+T607QT2Zl5GsbGRkENcV2yQ==",
        "dependencies": {
          "Microsoft.Extensions.Primitives": "8.0.0"
        }
      },
      "Microsoft.Extensions.Caching.Memory": {
        "type": "Transitive",
        "resolved": "8.0.1",
        "contentHash": "HFDnhYLccngrzyGgHkjEDU5FMLn4MpOsr5ElgsBMC4yx6lJh4jeWO7fHS8+TXPq+dgxCmUa/Trl8svObmwW4QA==",
        "dependencies": {
          "Microsoft.Extensions.Caching.Abstractions": "8.0.0",
          "Microsoft.Extensions.DependencyInjection.Abstractions": "8.0.2",
          "Microsoft.Extensions.Logging.Abstractions": "8.0.2",
          "Microsoft.Extensions.Options": "8.0.2",
          "Microsoft.Extensions.Primitives": "8.0.0"
        }
      },
      "Microsoft.Extensions.Configuration": {
        "type": "Transitive",
        "resolved": "8.0.0",
        "contentHash": "0J/9YNXTMWSZP2p2+nvl8p71zpSwokZXZuJW+VjdErkegAnFdO1XlqtA62SJtgVYHdKu3uPxJHcMR/r35HwFBA==",
        "dependencies": {
          "Microsoft.Extensions.Configuration.Abstractions": "8.0.0",
          "Microsoft.Extensions.Primitives": "8.0.0"
        }
      },
      "Microsoft.Extensions.Configuration.Abstractions": {
        "type": "Transitive",
        "resolved": "10.0.9",
        "contentHash": "qGhRPd3VxfLV9UqatVOiD9mAeUbj2KiMwGFYC5uXlzExiZQoe4X/hdmzGIU7BQjNLTqCnnbTHVyBglG3668/HA==",
        "dependencies": {
          "Microsoft.Extensions.Primitives": "10.0.9"
        }
      },
      "Microsoft.Extensions.Configuration.Binder": {
        "type": "Transitive",
        "resolved": "8.0.2",
        "contentHash": "7IQhGK+wjyGrNsPBjJcZwWAr+Wf6D4+TwOptUt77bWtgNkiV8tDEbhFS+dDamtQFZ2X7kWG9m71iZQRj2x3zgQ==",
        "dependencies": {
          "Microsoft.Extensions.Configuration.Abstractions": "8.0.0"
        }
      },
      "Microsoft.Extensions.DependencyInjection": {
        "type": "Transitive",
        "resolved": "10.0.10",
        "contentHash": "ANyvsgkNBRvcJh2XLgn8veGmajf+8m0AbKK+HPWdRL1yraSNVVSmQhFntLtdz/C795jxqqup+k05cs/3jZQPOA==",
        "dependencies": {
          "Microsoft.Extensions.DependencyInjection.Abstractions": "10.0.10"
        }
      },
      "Microsoft.Extensions.DependencyInjection.Abstractions": {
        "type": "Transitive",
        "resolved": "10.0.10",
        "contentHash": "z/2xXlFw2aLGjHyEm6E0tQ+In6VfzQzTrtArbQ2c0TQE16ZbyDCMGPvaUT9I0s8rgy9sRWlU2P9waW37qV04qA=="
      },
      "Microsoft.Extensions.Diagnostics.Abstractions": {
        "type": "Transitive",
        "resolved": "9.0.0",
        "contentHash": "1K8P7XzuzX8W8pmXcZjcrqS6x5eSSdvhQohmcpgiQNY/HlDAlnrhR9dvlURfFz428A+RTCJpUyB+aKTA6AgVcQ==",
        "dependencies": {
          "Microsoft.Extensions.DependencyInjection.Abstractions": "9.0.0",
          "Microsoft.Extensions.Options": "9.0.0"
        }
      },
      "Microsoft.Extensions.Diagnostics.HealthChecks": {
        "type": "Transitive",
        "resolved": "9.0.0",
        "contentHash": "cxsK9/Dx7Ka9sfiA1nY8XlSzIaWff5FNRw0+ls8yR+aGzmnah5JGKsTHgQrehjMwGAVud/pjiUZ9MWizfUSkTQ==",
        "dependencies": {
          "Microsoft.Extensions.Diagnostics.HealthChecks.Abstractions": "9.0.0",
          "Microsoft.Extensions.Hosting.Abstractions": "9.0.0",
          "Microsoft.Extensions.Logging.Abstractions": "9.0.0",
          "Microsoft.Extensions.Options": "9.0.0"
        }
      },
      "Microsoft.Extensions.Diagnostics.HealthChecks.Abstractions": {
        "type": "Transitive",
        "resolved": "9.0.0",
        "contentHash": "H1IbHm/MnUgEV0N07WrkPBIIoX7isP6IPaqUdZ3CwbMcUVDGIu+okamW28kyDRfIiZqbTbyHuNIkr4ZSHPyvDw=="
      },
      "Microsoft.Extensions.FileProviders.Abstractions": {
        "type": "Transitive",
        "resolved": "9.0.0",
        "contentHash": "uK439QzYR0q2emLVtYzwyK3x+T5bTY4yWsd/k/ZUS9LR6Sflp8MIdhGXW8kQCd86dQD4tLqvcbLkku8qHY263Q==",
        "dependencies": {
          "Microsoft.Extensions.Primitives": "9.0.0"
        }
      },
      "Microsoft.Extensions.Hosting.Abstractions": {
        "type": "Transitive",
        "resolved": "9.0.0",
        "contentHash": "yUKJgu81ExjvqbNWqZKshBbLntZMbMVz/P7Way2SBx7bMqA08Mfdc9O7hWDKAiSp+zPUGT6LKcSCQIPeDK+CCw==",
        "dependencies": {
          "Microsoft.Extensions.Configuration.Abstractions": "9.0.0",
          "Microsoft.Extensions.DependencyInjection.Abstractions": "9.0.0",
          "Microsoft.Extensions.Diagnostics.Abstractions": "9.0.0",
          "Microsoft.Extensions.FileProviders.Abstractions": "9.0.0",
          "Microsoft.Extensions.Logging.Abstractions": "9.0.0"
        }
      },
      "Microsoft.Extensions.Logging.Abstractions": {
        "type": "Transitive",
        "resolved": "10.0.10",
        "contentHash": "zkFxGYUvdxAvIKTyXHrmW+Sux53D4SezD9dMyZ6hrwwzPQJNuwCRy1f5W7AvYTqacEGhWF2XderRQG1OvbV8og==",
        "dependencies": {
          "Microsoft.Extensions.DependencyInjection.Abstractions": "10.0.10"
        }
      },
      "Microsoft.Extensions.Primitives": {
        "type": "Transitive",
        "resolved": "10.0.10",
        "contentHash": "5wu/GrYVd8mG2DVUw3vFJzF+O336TyTGg/Kmcgw9bfwYhCoFiV5lR5QeEmKecJyrW4W54nMfD3p3589E8a7czQ=="
      },
      "Microsoft.OpenApi": {
        "type": "Transitive",
        "resolved": "1.6.14",
        "contentHash": "tTaBT8qjk3xINfESyOPE2rIellPvB7qpVqiWiyA/lACVvz+xOGiXhFUfohcx82NLbi5avzLW0lx+s6oAqQijfw=="
      },
      "Swashbuckle.AspNetCore": {
        "type": "Transitive",
        "resolved": "6.6.2",
        "contentHash": "+NB4UYVYN6AhDSjW0IJAd1AGD8V33gemFNLPaxKTtPkHB+HaKAKf9MGAEUPivEWvqeQfcKIw8lJaHq6LHljRuw==",
        "dependencies": {
          "Microsoft.Extensions.ApiDescription.Server": "6.0.5",
          "Swashbuckle.AspNetCore.Swagger": "6.6.2",
          "Swashbuckle.AspNetCore.SwaggerGen": "6.6.2",
          "Swashbuckle.AspNetCore.SwaggerUI": "6.6.2"
        }
      },
      "Swashbuckle.AspNetCore.Swagger": {
        "type": "Transitive",
        "resolved": "6.6.2",
        "contentHash": "ovgPTSYX83UrQUWiS5vzDcJ8TEX1MAxBgDFMK45rC24MorHEPQlZAHlaXj/yth4Zf6xcktpUgTEBvffRQVwDKA==",
        "dependencies": {
          "Microsoft.OpenApi": "1.6.14"
        }
      },
      "Swashbuckle.AspNetCore.SwaggerGen": {
        "type": "Transitive",
        "resolved": "6.6.2",
        "contentHash": "zv4ikn4AT1VYuOsDCpktLq4QDq08e7Utzbir86M5/ZkRaLXbCPF11E1/vTmOiDzRTl0zTZINQU2qLKwTcHgfrA==",
        "dependencies": {
          "Swashbuckle.AspNetCore.Swagger": "6.6.2"
        }
      },
      "Swashbuckle.AspNetCore.SwaggerUI": {
        "type": "Transitive",
        "resolved": "6.6.2",
        "contentHash": "mBBb+/8Hm2Q3Wygag+hu2jj69tZW5psuv0vMRXY07Wy+Rrj40vRP8ZTbKBhs91r45/HXT4aY4z0iSBYx1h6JvA=="
      },
      "System.Composition": {
        "type": "Transitive",
        "resolved": "10.0.1",
        "contentHash": "DJkqaWQfho/ReTzKcZD3zJJ6K4GcS154k+T0UCPMBNIOZ2U/lNpyiiWZ6Etw0onWyTH1K+yhICsdmwA5xy2aPQ==",
        "dependencies": {
          "System.Composition.AttributedModel": "10.0.1",
          "System.Composition.Convention": "10.0.1",
          "System.Composition.Hosting": "10.0.1",
          "System.Composition.Runtime": "10.0.1",
          "System.Composition.TypedParts": "10.0.1"
        }
      },
      "System.Composition.AttributedModel": {
        "type": "Transitive",
        "resolved": "10.0.1",
        "contentHash": "mRxYvpCVPAeuLEk0c0kxWJVjbW1/HUoxCgYotOj9eDeQiYcTDOMdCQApsTrHYMN3pHBA8WoF00KGolG632Etaw=="
      },
      "System.Composition.Convention": {
        "type": "Transitive",
        "resolved": "10.0.1",
        "contentHash": "dYynUByfVBzYDheNPGxS8UN8AvG/4tXf/coSs1odHOyoh4etv1kad/FrLWLMq4f8NO49NV20Xu+0/y613woTUA==",
        "dependencies": {
          "System.Composition.AttributedModel": "10.0.1"
        }
      },
      "System.Composition.Hosting": {
        "type": "Transitive",
        "resolved": "10.0.1",
        "contentHash": "4UGmyBdKWEN1nkqspJlji/nV7XIVm6KGlOC2So0mtM/gKvaNgLz+tUkcbY+6Zpr7dr6ohX1S5yl0RLID5otRHw==",
        "dependencies": {
          "System.Composition.Runtime": "10.0.1"
        }
      },
      "System.Composition.Runtime": {
        "type": "Transitive",
        "resolved": "10.0.1",
        "contentHash": "TVfys1gnUIhmXuYfFzyez0fOkDyELe9UwlxYeVlq6FmqmWmt1ouF0OQJ+6ozkHbkaop7uBUaXw7Qb+/o0m+nMg=="
      },
      "System.Composition.TypedParts": {
        "type": "Transitive",
        "resolved": "10.0.1",
        "contentHash": "koSfjkdQZfgQr3SyiSIBboDn+GiR0vZ3x9Uek9FJbXK0w5AiATV8KrnMEP8B8OAlO+Y3zQf0CPCNzwH+VIYDKg==",
        "dependencies": {
          "System.Composition.AttributedModel": "10.0.1",
          "System.Composition.Hosting": "10.0.1",
          "System.Composition.Runtime": "10.0.1"
        }
      },
      "sebt.portal.core": {
        "type": "Project",
        "dependencies": {
          "Microsoft.Extensions.Configuration.Abstractions": "[10.0.9, )",
          "SEBT.Portal.Kernel": "[1.0.0, )"
        }
      },
      "sebt.portal.kernel": {
        "type": "Project",
        "dependencies": {
          "Microsoft.Extensions.DependencyInjection.Abstractions": "[10.0.9, )",
          "Microsoft.Extensions.Logging.Abstractions": "[10.0.9, )"
        }
      },
      "sebt.portal.statesplugins.interfaces": {
        "type": "Project",
        "dependencies": {
          "Microsoft.Extensions.Diagnostics.HealthChecks": "[9.0.0, )",
          "Microsoft.Extensions.Options": "[10.0.10, )",
          "Microsoft.OpenApi": "[1.6.14, )",
          "Swashbuckle.AspNetCore": "[6.6.2, )",
          "System.Composition": "[10.0.1, )"
        }
      }
    }
  }
}