{
  "version": 1,
  "dependencies": {
    "net10.0": {
      "Microsoft.Extensions.Diagnostics.HealthChecks": {
        "type": "Direct",
        "requested": "[10.0.11, )",
        "resolved": "10.0.11",
        "contentHash": "fzUGzOCLquuyIxVVvvcw9h8KaUrRZ/cGTai2gBDQ1YxbdH/8eZnSyoOu+PQJYoD+RUcgTTlVe6D4+FrcaUOR9w==",
        "dependencies": {
          "Microsoft.Extensions.Diagnostics.HealthChecks.Abstractions": "10.0.11",
          "Microsoft.Extensions.Hosting.Abstractions": "10.0.11",
          "Microsoft.Extensions.Logging.Abstractions": "10.0.11",
          "Microsoft.Extensions.Options": "10.0.11"
        }
      },
      "Microsoft.Extensions.Options": {
        "type": "Direct",
        "requested": "[10.0.11, )",
        "resolved": "10.0.11",
        "contentHash": "eY1GAKcTfD2maP27J84X9IovT3yjHJ2dVDzPmDg6/XqYvt3jMzJhtfQCLjG9pVsZGAd+8DQ2QrjaDcs2+VQLGw==",
        "dependencies": {
          "Microsoft.Extensions.DependencyInjection.Abstractions": "10.0.11",
          "Microsoft.Extensions.Primitives": "10.0.11"
        }
      },
      "Microsoft.OpenApi": {
        "type": "Direct",
        "requested": "[1.6.31, )",
        "resolved": "1.6.31",
        "contentHash": "58ggc22i0BKvHuVoj5oVVQ7EbMkEMY0FvGeoQ/yBemk36pUbroDoj1XxRTnCi+fsgDTDuf+YZmigHkEzs5B2wA=="
      },
      "Swashbuckle.AspNetCore": {
        "type": "Direct",
        "requested": "[6.9.0, )",
        "resolved": "6.9.0",
        "contentHash": "lvI+XHF21tkwXd2nDCLGJsdhdUYsY3Ax2fWUlvw81Oa6EedtnIAf5tThy8ZnPcz/9/TwsLgjgtX9ifOCIjbEPA==",
        "dependencies": {
          "Microsoft.Extensions.ApiDescription.Server": "6.0.5",
          "Swashbuckle.AspNetCore.Swagger": "6.9.0",
          "Swashbuckle.AspNetCore.SwaggerGen": "6.9.0",
          "Swashbuckle.AspNetCore.SwaggerUI": "6.9.0"
        }
      },
      "System.Composition": {
        "type": "Direct",
        "requested": "[10.0.11, )",
        "resolved": "10.0.11",
        "contentHash": "hGUJdkomA2imB1I55/zf2vxt1EksFpGCqUdb5emVURi/JuhBi9kbBn8HixXxAUuZn/4jixb928+a/yeImmRSiA==",
        "dependencies": {
          "System.Composition.AttributedModel": "10.0.11",
          "System.Composition.Convention": "10.0.11",
          "System.Composition.Hosting": "10.0.11",
          "System.Composition.Runtime": "10.0.11",
          "System.Composition.TypedParts": "10.0.11"
        }
      },
      "Microsoft.Extensions.ApiDescription.Server": {
        "type": "Transitive",
        "resolved": "6.0.5",
        "contentHash": "Ckb5EDBUNJdFWyajfXzUIMRkhf52fHZOQuuZg/oiu8y7zDCVwD0iHhew6MnThjHmevanpxL3f5ci2TtHQEN6bw=="
      },
      "Microsoft.Extensions.Configuration.Abstractions": {
        "type": "Transitive",
        "resolved": "10.0.11",
        "contentHash": "fVi053xdpda9Em7vSkmgVxO/PtgC2m78ekReKWsgcyskqY0U82Bz/MONwxpGzI0hElYKJfw+fupqMVeKW3fSaA==",
        "dependencies": {
          "Microsoft.Extensions.Primitives": "10.0.11"
        }
      },
      "Microsoft.Extensions.DependencyInjection.Abstractions": {
        "type": "Transitive",
        "resolved": "10.0.11",
        "contentHash": "/a1aJz4m7ylhEDf25ugQChLQoN5XwoGjWw/BoR/ZWWKsO1v4DdJElS1uyngahz4B/eOzjFk1KNTkarRLE5wsIg=="
      },
      "Microsoft.Extensions.Diagnostics.Abstractions": {
        "type": "Transitive",
        "resolved": "10.0.11",
        "contentHash": "se7Kx8QpJEt+nf26L4qIVAofGTDr1wbexxsh/Fm3Xc04xUkqUXK06KUS7FLwSQYSjqb7q9n+T7MEcXYBhI1Y5g==",
        "dependencies": {
          "Microsoft.Extensions.DependencyInjection.Abstractions": "10.0.11",
          "Microsoft.Extensions.Options": "10.0.11"
        }
      },
      "Microsoft.Extensions.Diagnostics.HealthChecks.Abstractions": {
        "type": "Transitive",
        "resolved": "10.0.11",
        "contentHash": "5DCBP95vpklAkEfIbT2yzunianCeRtjaLrmAwoIgTf+xOJGFMmkAut/p3R2YmZL7TM1dnV81adGIg4m7Kg6wUw=="
      },
      "Microsoft.Extensions.FileProviders.Abstractions": {
        "type": "Transitive",
        "resolved": "10.0.11",
        "contentHash": "JOjac6SQQgZmdmB8WGEw61/7siqMZoWJMkmq2p1goJGxqI59lO6oB4bOl0jNsbaPBdYy5Mlkb+6U7T4+CjnD8Q==",
        "dependencies": {
          "Microsoft.Extensions.Primitives": "10.0.11"
        }
      },
      "Microsoft.Extensions.Hosting.Abstractions": {
        "type": "Transitive",
        "resolved": "10.0.11",
        "contentHash": "pwtpF7iF/NNaOBcX+pvMZ7y2+JAVbH5KkNrH9uMZtuVxVJsFTDiWiCR7Tk3HVptsAijaetipUZVRVK2LLq+nvA==",
        "dependencies": {
          "Microsoft.Extensions.Configuration.Abstractions": "10.0.11",
          "Microsoft.Extensions.DependencyInjection.Abstractions": "10.0.11",
          "Microsoft.Extensions.Diagnostics.Abstractions": "10.0.11",
          "Microsoft.Extensions.FileProviders.Abstractions": "10.0.11",
          "Microsoft.Extensions.Logging.Abstractions": "10.0.11"
        }
      },
      "Microsoft.Extensions.Logging.Abstractions": {
        "type": "Transitive",
        "resolved": "10.0.11",
        "contentHash": "Ljd0Uxoq5XpScD2Bg0nM/r3mwx7Ao5Uq24eo2ARxbGvqJ7Zht6rt2cJtwVRH4Cv+1ZVMdXz6TB43KbpmsxRrvQ==",
        "dependencies": {
          "Microsoft.Extensions.DependencyInjection.Abstractions": "10.0.11"
        }
      },
      "Microsoft.Extensions.Primitives": {
        "type": "Transitive",
        "resolved": "10.0.11",
        "contentHash": "SXcz+kF+4Oo9b1+55zntpJFYfwb1jw66ioxptyNOOTDc8g2FHnBFWjZpsWfCvZIhzr0x+4e2trVTs4OKwQfBtw=="
      },
      "Swashbuckle.AspNetCore.Swagger": {
        "type": "Transitive",
        "resolved": "6.9.0",
        "contentHash": "P316kpxx5DnDvJwNWW8iTAXkh9DVenAxFGe9v4OUS0gil+vitH7F1feXhCtVeHN/616EFNTMh4pV2lcr9kkw/w==",
        "dependencies": {
          "Microsoft.OpenApi": "1.6.14"
        }
      },
      "Swashbuckle.AspNetCore.SwaggerGen": {
        "type": "Transitive",
        "resolved": "6.9.0",
        "contentHash": "FjeMR3fBzwVc5plfYjoHw9ptf8SOWMupvO9X35J5EgzT3L9dRqSxa+cBKzL8PwCyemY0xNrggQSB5+MFWx1axg==",
        "dependencies": {
          "Swashbuckle.AspNetCore.Swagger": "6.9.0"
        }
      },
      "Swashbuckle.AspNetCore.SwaggerUI": {
        "type": "Transitive",
        "resolved": "6.9.0",
        "contentHash": "0OxlWBFLl2gUESZX/K7QCTz9KctKy0VxHTvLIBcyWGD4z/fv5MCMW02qzYGcReLJr4yBnNDRzApKtLh6oBpe9A=="
      },
      "System.Composition.AttributedModel": {
        "type": "Transitive",
        "resolved": "10.0.11",
        "contentHash": "pexJp2ogcmngQ0GUg0KNtGRzfDgQ/5ZPNapEJ/EMc4rl2Y528cKPigXGdjajbVtvKfER1Tx/5DY3WRiWUgIH5w=="
      },
      "System.Composition.Convention": {
        "type": "Transitive",
        "resolved": "10.0.11",
        "contentHash": "+RujAxDD1L9gbPZvdtA5ajYSDgKK1gMXDA75033wL3wGoxwx0fOHfXy+5k9ai6pttRMxXfpUjd+FHtsEiexsBg==",
        "dependencies": {
          "System.Composition.AttributedModel": "10.0.11"
        }
      },
      "System.Composition.Hosting": {
        "type": "Transitive",
        "resolved": "10.0.11",
        "contentHash": "naPy86Excbn32uhiAYWMfplmuaY4604eooPbgCINAe23SAbiVBgLx8VHcySlWy1slMcfDU6mbWEzw4kgVEc2gw==",
        "dependencies": {
          "System.Composition.Runtime": "10.0.11"
        }
      },
      "System.Composition.Runtime": {
        "type": "Transitive",
        "resolved": "10.0.11",
        "contentHash": "Iw3mmCOGqUSdZZayH8OlM0yBi+C0v6JoRbHZLrXCJGv8NoKw1QgD3qYfvtH3umE+rO8vzczheELZ6MYLAn6JgA=="
      },
      "System.Composition.TypedParts": {
        "type": "Transitive",
        "resolved": "10.0.11",
        "contentHash": "CctpS0AnYhip8TUgO43xnkpq1wFnV7V/UU7OH3kBaNB8MlfZFSUiYhcf/cQysaECozelv+3rCln+/c2AUnIqJQ==",
        "dependencies": {
          "System.Composition.AttributedModel": "10.0.11",
          "System.Composition.Hosting": "10.0.11",
          "System.Composition.Runtime": "10.0.11"
        }
      }
    },
    "net10.0/win-x64": {}
  }
}